{
  "nodes": {
    "flake-parts": {
      "inputs": {
        "nixpkgs-lib": "nixpkgs-lib"
      },
      "locked": {
        "lastModified": 1666885127,
        "narHash": "sha256-uXA/3lhLhwOTBMn9a5zJODKqaRT+SuL5cpEmOz2ULoo=",
        "owner": "hercules-ci",
        "repo": "flake-parts",
        "rev": "0e101dbae756d35a376a5e1faea532608e4a4b9a",
        "type": "github"
      },
      "original": {
        "owner": "hercules-ci",
        "repo": "flake-parts",
        "type": "github"
      }
    },
    "haskell-flake": {
      "locked": {
        "lastModified": 1667145982,
        "narHash": "sha256-f9DGO5yZLivyJT6DmLB7hqoCFBprhL6kWXwJ3Ea1y9E=",
        "owner": "HariAmoor-professional",
        "repo": "haskell-flake",
        "rev": "9e43811a915e237d1f09502f2b276f2a96f2922b",
        "type": "github"
      },
      "original": {
        "owner": "HariAmoor-professional",
        "ref": "issue-7",
        "repo": "haskell-flake",
        "type": "github"
      }
    },
    "nixpkgs": {
      "locked": {
        "lastModified": 1667055375,
        "narHash": "sha256-xfSTHYxuKRiqF4dcuAFdti1OUvrC2lHpQqCHWUK5/JA=",
        "owner": "nixos",
        "repo": "nixpkgs",
        "rev": "7f9be6a505a31f88499c5d20d11f98accf5ae6ba",
        "type": "github"
      },
      "original": {
        "owner": "nixos",
        "ref": "nixpkgs-unstable",
        "repo": "nixpkgs",
        "type": "github"
      }
    },
    "nixpkgs-lib": {
      "locked": {
        "dir": "lib",
        "lastModified": 1665349835,
        "narHash": "sha256-UK4urM3iN80UXQ7EaOappDzcisYIuEURFRoGQ/yPkug=",
        "owner": "NixOS",
        "repo": "nixpkgs",
        "rev": "34c5293a71ffdb2fe054eb5288adc1882c1eb0b1",
        "type": "github"
      },
      "original": {
        "dir": "lib",
        "owner": "NixOS",
        "ref": "nixos-unstable",
        "repo": "nixpkgs",
        "type": "github"
      }
    },
    "root": {
      "inputs": {
        "flake-parts": "flake-parts",
        "haskell-flake": "haskell-flake",
        "nixpkgs": "nixpkgs"
      }
    }
  },
  "root": "root",
  "version": 7
}
