{
  "nodes": {
    "flake-parts": {
      "inputs": {
        "nixpkgs-lib": "nixpkgs-lib"
      },
      "locked": {
        "lastModified": 1706569497,
        "narHash": "sha256-oixb0IDb5eZYw6BaVr/R/1pSoMh4rfJHkVnlgeRIeZs=",
        "owner": "hercules-ci",
        "repo": "flake-parts",
        "rev": "60c614008eed1d0383d21daac177a3e036192ed8",
        "type": "github"
      },
      "original": {
        "owner": "hercules-ci",
        "repo": "flake-parts",
        "type": "github"
      }
    },
    "haskell-flake": {
      "locked": {
        "lastModified": 1706414342,
        "narHash": "sha256-57lyYrnhcuf2EVtWwTAK+6OV2Dk3eSq+b/NR7UzyGtI=",
        "owner": "srid",
        "repo": "haskell-flake",
        "rev": "738417211e16514d24d0e247bb83781e12293342",
        "type": "github"
      },
      "original": {
        "owner": "srid",
        "repo": "haskell-flake",
        "type": "github"
      }
    },
    "nixpkgs": {
      "locked": {
        "lastModified": 1706589919,
        "narHash": "sha256-pNHnDITxSI3a17GOF1RUF3jBO1OiNYTRH2yV/cJG4m4=",
        "owner": "nixos",
        "repo": "nixpkgs",
        "rev": "222c1940fafeda4dea161858ffe6ebfc853d3db5",
        "type": "github"
      },
      "original": {
        "owner": "nixos",
        "ref": "nixpkgs-unstable",
        "repo": "nixpkgs",
        "type": "github"
      }
    },
    "nixpkgs-lib": {
      "locked": {
        "dir": "lib",
        "lastModified": 1703961334,
        "narHash": "sha256-M1mV/Cq+pgjk0rt6VxoyyD+O8cOUiai8t9Q6Yyq4noY=",
        "owner": "NixOS",
        "repo": "nixpkgs",
        "rev": "b0d36bd0a420ecee3bc916c91886caca87c894e9",
        "type": "github"
      },
      "original": {
        "dir": "lib",
        "owner": "NixOS",
        "ref": "nixos-unstable",
        "repo": "nixpkgs",
        "type": "github"
      }
    },
    "root": {
      "inputs": {
        "flake-parts": "flake-parts",
        "haskell-flake": "haskell-flake",
        "nixpkgs": "nixpkgs"
      }
    }
  },
  "root": "root",
  "version": 7
}
